<?xml version="1.0" encoding="utf-8"?>
<Project ToolsVersion="4.0" xmlns="http://schemas.microsoft.com/developer/msbuild/2003">
  <ItemGroup>
    <ClCompile Include="Src\Main.cpp" />
    <ClCompile Include="Include\Shader.cpp">
      <Filter>Shader</Filter>
    </ClCompile>
    <ClCompile Include="Include\HTRLoader.cpp">
      <Filter>HTR_Loader</Filter>
    </ClCompile>
    <ClCompile Include="Include\GameObject.cpp">
      <Filter>Game Object</Filter>
    </ClCompile>
    <ClCompile Include="Include\ExtraFunctions.cpp">
      <Filter>Other Functions</Filter>
    </ClCompile>
    <ClCompile Include="Include\FMOD\SoundEngine.cpp">
      <Filter>Sound Engine</Filter>
    </ClCompile>
  </ItemGroup>
  <ItemGroup>
    <ClInclude Include="Include\Shader.h">
      <Filter>Shader</Filter>
    </ClInclude>
    <ClInclude Include="Include\HTRLoader.h">
      <Filter>HTR_Loader</Filter>
    </ClInclude>
    <ClInclude Include="Include\JointTypes.h">
      <Filter>HTR_Loader</Filter>
    </ClInclude>
    <ClInclude Include="Include\GameObject.h">
      <Filter>Game Object</Filter>
    </ClInclude>
    <ClInclude Include="Include\MorphMath.h">
      <Filter>Other Functions</Filter>
    </ClInclude>
    <ClInclude Include="Include\GamePadControls.h">
      <Filter>Other Functions</Filter>
    </ClInclude>
    <ClInclude Include="Include\FMOD\SoundEngine.h">
      <Filter>Sound Engine</Filter>
    </ClInclude>
    <ClInclude Include="Include\FileLoader.h">
      <Filter>Game Object</Filter>
    </ClInclude>
  </ItemGroup>
  <ItemGroup>
    <Filter Include="Shader">
      <UniqueIdentifier>{9af44f3e-9adb-46fb-9e9c-13889e570d5c}</UniqueIdentifier>
    </Filter>
    <Filter Include="HTR_Loader">
      <UniqueIdentifier>{547aefc9-2063-4d78-8121-2a8071603d49}</UniqueIdentifier>
    </Filter>
    <Filter Include="Game Object">
      <UniqueIdentifier>{6a91ddc0-e612-4f52-8c34-6f89dace038b}</UniqueIdentifier>
    </Filter>
    <Filter Include="Sound Engine">
      <UniqueIdentifier>{08843787-7d4e-424f-93e2-fd2b7ccb1976}</UniqueIdentifier>
    </Filter>
    <Filter Include="Other Functions">
      <UniqueIdentifier>{a8dbd533-60c8-4c34-9a4e-c446b4570aed}</UniqueIdentifier>
    </Filter>
  </ItemGroup>
  <ItemGroup>
    <None Include="Assets\Shaders\passThru_f.glsl">
      <Filter>Shader</Filter>
    </None>
    <None Include="Assets\Shaders\passThru_v.glsl">
      <Filter>Shader</Filter>
    </None>
    <None Include="Assets\Shaders\text_f.glsl">
      <Filter>Shader</Filter>
    </None>
    <None Include="Assets\Shaders\text_v.glsl">
      <Filter>Shader</Filter>
    </None>
    <None Include="Assets\Shaders\default_f.glsl">
      <Filter>Shader</Filter>
    </None>
    <None Include="Assets\Shaders\default_v.glsl">
      <Filter>Shader</Filter>
    </None>
  </ItemGroup>
</Project>